
Microsoft Visual Studio Solution File, Format Version 12.00
# Visual Studio Version 16
VisualStudioVersion = 16.0.29806.167
MinimumVisualStudioVersion = 10.0.40219.1
Project("{8BC9CEB8-8B4A-11D0-8D11-00A0C91BC942}") = "SaveTheEarth", "SaveTheEarth\SaveTheEarth.vcxproj", "{F0577947-F96A-4B01-9D76-F12BC5FE058B}"
EndProject
Global
	GlobalSection(SolutionConfigurationPlatforms) = preSolution
		Debug|x64 = Debug|x64
		Debug|x86 = Debug|x86
		Release|x64 = Release|x64
		Release|x86 = Release|x86
	EndGlobalSection
	GlobalSection(ProjectConfigurationPlatforms) = postSolution
		{F0577947-F96A-4B01-9D76-F12BC5FE058B}.Debug|x64.ActiveCfg = Debug|x64
		{F0577947-F96A-4B01-9D76-F12BC5FE058B}.Debug|x64.Build.0 = Debug|x64
		{F0577947-F96A-4B01-9D76-F12BC5FE058B}.Debug|x86.ActiveCfg = Debug|Win32
		{F0577947-F96A-4B01-9D76-F12BC5FE058B}.Debug|x86.Build.0 = Debug|Win32
		{F0577947-F96A-4B01-9D76-F12BC5FE058B}.Release|x64.ActiveCfg = Release|x64
		{F0577947-F96A-4B01-9D76-F12BC5FE058B}.Release|x64.Build.0 = Release|x64
		{F0577947-F96A-4B01-9D76-F12BC5FE058B}.Release|x86.ActiveCfg = Release|Win32
		{F0577947-F96A-4B01-9D76-F12BC5FE058B}.Release|x86.Build.0 = Release|Win32
	EndGlobalSection
	GlobalSection(SolutionProperties) = preSolution
		HideSolutionNode = FALSE
	EndGlobalSection
	GlobalSection(ExtensibilityGlobals) = postSolution
		SolutionGuid = {ED95AD17-E64D-4B9B-B1CE-1A85E016EA55}
	EndGlobalSection
EndGlobal
