<?xml version="1.0" encoding="utf-8"?>
<Project ToolsVersion="4.0" xmlns="http://schemas.microsoft.com/developer/msbuild/2003">
  <ItemGroup>
    <Filter Include="소스 파일">
      <UniqueIdentifier>{4FC737F1-C7A5-4376-A066-2A32D752A2FF}</UniqueIdentifier>
      <Extensions>cpp;c;cc;cxx;def;odl;idl;hpj;bat;asm;asmx</Extensions>
    </Filter>
    <Filter Include="헤더 파일">
      <UniqueIdentifier>{93995380-89BD-4b04-88EB-625FBE52EBFB}</UniqueIdentifier>
      <Extensions>h;hh;hpp;hxx;hm;inl;inc;ipp;xsd</Extensions>
    </Filter>
    <Filter Include="리소스 파일">
      <UniqueIdentifier>{67DA6AB6-F800-4c08-8B7A-83BB121AAD01}</UniqueIdentifier>
      <Extensions>rc;ico;cur;bmp;dlg;rc2;rct;bin;rgs;gif;jpg;jpeg;jpe;resx;tiff;tif;png;wav;mfcribbon-ms</Extensions>
    </Filter>
    <Filter Include="소스 파일\CScene">
      <UniqueIdentifier>{6719757a-d04c-43c2-9f7a-fc07ae88028c}</UniqueIdentifier>
    </Filter>
    <Filter Include="헤더 파일\CScene">
      <UniqueIdentifier>{a08d0a39-e2cd-4347-865b-9b56ef0ea130}</UniqueIdentifier>
    </Filter>
    <Filter Include="헤더 파일\CGameObject">
      <UniqueIdentifier>{02c8ea58-d108-455d-9865-fc66351a6ccd}</UniqueIdentifier>
    </Filter>
    <Filter Include="소스 파일\CGameObject">
      <UniqueIdentifier>{58dd1d98-1311-4a83-8297-43b81f23db71}</UniqueIdentifier>
    </Filter>
    <Filter Include="소스 파일\CGameObject\Scene01">
      <UniqueIdentifier>{e5e7d524-7a77-4a8f-a8f3-a28f3d1fe62d}</UniqueIdentifier>
    </Filter>
    <Filter Include="소스 파일\CGameObject\Scene02">
      <UniqueIdentifier>{94da9323-cd54-4044-b72c-f34551ebb3b5}</UniqueIdentifier>
    </Filter>
    <Filter Include="헤더 파일\CGameObject\Scene02">
      <UniqueIdentifier>{45942f52-6898-4feb-9cf7-9b1e20558876}</UniqueIdentifier>
    </Filter>
    <Filter Include="헤더 파일\CGameObject\Scene01">
      <UniqueIdentifier>{42bb13fe-bc8f-4481-9381-9177f9c15619}</UniqueIdentifier>
    </Filter>
    <Filter Include="헤더 파일\Manager">
      <UniqueIdentifier>{d06abf11-c386-4d42-be50-158b79c85489}</UniqueIdentifier>
    </Filter>
    <Filter Include="소스 파일\Manager">
      <UniqueIdentifier>{fdf8937d-24c8-4440-89f2-34f8c296e723}</UniqueIdentifier>
    </Filter>
    <Filter Include="소스 파일\CGameObject\Scene02\BOSS">
      <UniqueIdentifier>{85f69b5c-03f2-4ed4-a014-6d5aafbfa0cf}</UniqueIdentifier>
    </Filter>
    <Filter Include="헤더 파일\CGameObject\Scene02\BOSS">
      <UniqueIdentifier>{bb645bc8-2045-4d90-802b-b9a9f73aca8c}</UniqueIdentifier>
    </Filter>
    <Filter Include="소스 파일\Main">
      <UniqueIdentifier>{b200fd98-23d3-4c1f-a829-aea758591af0}</UniqueIdentifier>
    </Filter>
    <Filter Include="헤더 파일\Main">
      <UniqueIdentifier>{1dab368d-ded9-4f29-b2eb-459eb6b49459}</UniqueIdentifier>
    </Filter>
    <Filter Include="소스 파일\CGameObject\Scene02\PLAYER">
      <UniqueIdentifier>{81f24f07-3830-4ce5-8330-db48eb55d0f7}</UniqueIdentifier>
    </Filter>
    <Filter Include="헤더 파일\CGameObject\Scene02\PLAYER">
      <UniqueIdentifier>{df03fbfc-91a3-4410-aee2-8e046d1f902a}</UniqueIdentifier>
    </Filter>
    <Filter Include="소스 파일\CGameObject\Scene03">
      <UniqueIdentifier>{58cc032e-8804-46b2-8883-600c77f27901}</UniqueIdentifier>
    </Filter>
    <Filter Include="헤더 파일\CGameObject\Scene03">
      <UniqueIdentifier>{e80bba14-6bf2-479f-96c9-b6fce0b2571c}</UniqueIdentifier>
    </Filter>
  </ItemGroup>
  <ItemGroup>
    <ClInclude Include="CSceneObject.h">
      <Filter>헤더 파일\CScene</Filter>
    </ClInclude>
    <ClInclude Include="CGameScene01.h">
      <Filter>헤더 파일\CScene</Filter>
    </ClInclude>
    <ClInclude Include="CGameObject.h">
      <Filter>헤더 파일\CGameObject</Filter>
    </ClInclude>
    <ClInclude Include="IGameObject.h">
      <Filter>헤더 파일\CGameObject</Filter>
    </ClInclude>
    <ClInclude Include="CGameScene02.h">
      <Filter>헤더 파일\CScene</Filter>
    </ClInclude>
    <ClInclude Include="CNormalEnemy.h">
      <Filter>헤더 파일\CGameObject\Scene02</Filter>
    </ClInclude>
    <ClInclude Include="CNormalEnemyBullet.h">
      <Filter>헤더 파일\CGameObject\Scene02</Filter>
    </ClInclude>
    <ClInclude Include="CScrollBackground.h">
      <Filter>헤더 파일\CGameObject\Scene02</Filter>
    </ClInclude>
    <ClInclude Include="CTitleBackground.h">
      <Filter>헤더 파일\CGameObject\Scene01</Filter>
    </ClInclude>
    <ClInclude Include="CInGameUI.h">
      <Filter>헤더 파일\CGameObject\Scene02</Filter>
    </ClInclude>
    <ClInclude Include="MisileEnemy.h">
      <Filter>헤더 파일\CGameObject\Scene02</Filter>
    </ClInclude>
    <ClInclude Include="CGameManager.h">
      <Filter>헤더 파일\Manager</Filter>
    </ClInclude>
    <ClInclude Include="CImageManager.h">
      <Filter>헤더 파일\Manager</Filter>
    </ClInclude>
    <ClInclude Include="CObjectManager.h">
      <Filter>헤더 파일\Manager</Filter>
    </ClInclude>
    <ClInclude Include="CScoreManager.h">
      <Filter>헤더 파일\Manager</Filter>
    </ClInclude>
    <ClInclude Include="CItem.h">
      <Filter>헤더 파일\CGameObject\Scene02</Filter>
    </ClInclude>
    <ClInclude Include="CBossEnemy.h">
      <Filter>헤더 파일\CGameObject\Scene02\BOSS</Filter>
    </ClInclude>
    <ClInclude Include="CDX2DApp.h">
      <Filter>헤더 파일\Main</Filter>
    </ClInclude>
    <ClInclude Include="CGame.h">
      <Filter>헤더 파일\Main</Filter>
    </ClInclude>
    <ClInclude Include="CGraphics.h">
      <Filter>헤더 파일\Main</Filter>
    </ClInclude>
    <ClInclude Include="CHealthBar.h">
      <Filter>헤더 파일\Main</Filter>
    </ClInclude>
    <ClInclude Include="Cimage.h">
      <Filter>헤더 파일\Main</Filter>
    </ClInclude>
    <ClInclude Include="CInput.h">
      <Filter>헤더 파일\Main</Filter>
    </ClInclude>
    <ClInclude Include="CSprite.h">
      <Filter>헤더 파일\Main</Filter>
    </ClInclude>
    <ClInclude Include="CSpriteAnimation.h">
      <Filter>헤더 파일\Main</Filter>
    </ClInclude>
    <ClInclude Include="CTimer.h">
      <Filter>헤더 파일\Main</Filter>
    </ClInclude>
    <ClInclude Include="framework.h">
      <Filter>헤더 파일\Main</Filter>
    </ClInclude>
    <ClInclude Include="Mathf.h">
      <Filter>헤더 파일\Main</Filter>
    </ClInclude>
    <ClInclude Include="Resource.h">
      <Filter>헤더 파일\Main</Filter>
    </ClInclude>
    <ClInclude Include="SaveTheEarth.h">
      <Filter>헤더 파일\Main</Filter>
    </ClInclude>
    <ClInclude Include="targetver.h">
      <Filter>헤더 파일\Main</Filter>
    </ClInclude>
    <ClInclude Include="CBossLaserLauncher.h">
      <Filter>헤더 파일\CGameObject\Scene02\BOSS</Filter>
    </ClInclude>
    <ClInclude Include="CLauncher.h">
      <Filter>헤더 파일</Filter>
    </ClInclude>
    <ClInclude Include="CBossBulletLauncher.h">
      <Filter>헤더 파일\CGameObject\Scene02\BOSS</Filter>
    </ClInclude>
    <ClInclude Include="CBossBullet.h">
      <Filter>헤더 파일\CGameObject\Scene02\BOSS</Filter>
    </ClInclude>
    <ClInclude Include="CPlayer.h">
      <Filter>헤더 파일\CGameObject\Scene02\PLAYER</Filter>
    </ClInclude>
    <ClInclude Include="CPlayerBullet.h">
      <Filter>헤더 파일\CGameObject\Scene02\PLAYER</Filter>
    </ClInclude>
    <ClInclude Include="CPlayerBarrierLauncher.h">
      <Filter>헤더 파일\CGameObject\Scene02\PLAYER</Filter>
    </ClInclude>
    <ClInclude Include="CPlayerLaserLauncher.h">
      <Filter>헤더 파일\CGameObject\Scene02\PLAYER</Filter>
    </ClInclude>
    <ClInclude Include="CFadeInOut.h">
      <Filter>헤더 파일</Filter>
    </ClInclude>
    <ClInclude Include="singleton.h">
      <Filter>헤더 파일</Filter>
    </ClInclude>
    <ClInclude Include="cSoundManager.h">
      <Filter>헤더 파일\Manager</Filter>
    </ClInclude>
    <ClInclude Include="COptionController.h">
      <Filter>헤더 파일\CGameObject\Scene01</Filter>
    </ClInclude>
    <ClInclude Include="CGameScene03.h">
      <Filter>헤더 파일\CScene</Filter>
    </ClInclude>
    <ClInclude Include="cStageClearBackground.h">
      <Filter>헤더 파일\CGameObject\Scene03</Filter>
    </ClInclude>
  </ItemGroup>
  <ItemGroup>
    <ClCompile Include="CSceneObject.cpp">
      <Filter>소스 파일\CScene</Filter>
    </ClCompile>
    <ClCompile Include="CGameScene01.cpp">
      <Filter>소스 파일\CScene</Filter>
    </ClCompile>
    <ClCompile Include="CGameObject.cpp">
      <Filter>소스 파일\CGameObject</Filter>
    </ClCompile>
    <ClCompile Include="CGameScene02.cpp">
      <Filter>소스 파일\CScene</Filter>
    </ClCompile>
    <ClCompile Include="CNormalEnemy.cpp">
      <Filter>소스 파일\CGameObject\Scene02</Filter>
    </ClCompile>
    <ClCompile Include="CNormalEnemyBullet.cpp">
      <Filter>소스 파일\CGameObject\Scene02</Filter>
    </ClCompile>
    <ClCompile Include="CScrollBackground.cpp">
      <Filter>소스 파일\CGameObject\Scene02</Filter>
    </ClCompile>
    <ClCompile Include="CTitleBackground.cpp">
      <Filter>소스 파일\CGameObject\Scene01</Filter>
    </ClCompile>
    <ClCompile Include="CInGameUI.cpp">
      <Filter>소스 파일\CGameObject\Scene02</Filter>
    </ClCompile>
    <ClCompile Include="MisileEnemy.cpp">
      <Filter>소스 파일\CGameObject\Scene02</Filter>
    </ClCompile>
    <ClCompile Include="CGameManager.cpp">
      <Filter>소스 파일\Manager</Filter>
    </ClCompile>
    <ClCompile Include="CImageManager.cpp">
      <Filter>소스 파일\Manager</Filter>
    </ClCompile>
    <ClCompile Include="CObjectManager.cpp">
      <Filter>소스 파일\Manager</Filter>
    </ClCompile>
    <ClCompile Include="CScoreManager.cpp">
      <Filter>소스 파일\Manager</Filter>
    </ClCompile>
    <ClCompile Include="CItem.cpp">
      <Filter>소스 파일\CGameObject\Scene02</Filter>
    </ClCompile>
    <ClCompile Include="CBossEnemy.cpp">
      <Filter>소스 파일\CGameObject\Scene02\BOSS</Filter>
    </ClCompile>
    <ClCompile Include="CDX2DApp.cpp">
      <Filter>소스 파일\Main</Filter>
    </ClCompile>
    <ClCompile Include="CGame.cpp">
      <Filter>소스 파일\Main</Filter>
    </ClCompile>
    <ClCompile Include="CGraphics.cpp">
      <Filter>소스 파일\Main</Filter>
    </ClCompile>
    <ClCompile Include="CHealthBar.cpp">
      <Filter>소스 파일\Main</Filter>
    </ClCompile>
    <ClCompile Include="Cimage.cpp">
      <Filter>소스 파일\Main</Filter>
    </ClCompile>
    <ClCompile Include="CInput.cpp">
      <Filter>소스 파일\Main</Filter>
    </ClCompile>
    <ClCompile Include="CSprite.cpp">
      <Filter>소스 파일\Main</Filter>
    </ClCompile>
    <ClCompile Include="CSpriteAnimation.cpp">
      <Filter>소스 파일\Main</Filter>
    </ClCompile>
    <ClCompile Include="CTimer.cpp">
      <Filter>소스 파일\Main</Filter>
    </ClCompile>
    <ClCompile Include="Mathf.cpp">
      <Filter>소스 파일\Main</Filter>
    </ClCompile>
    <ClCompile Include="SaveTheEarth.cpp">
      <Filter>소스 파일\Main</Filter>
    </ClCompile>
    <ClCompile Include="CBossLaserLauncher.cpp">
      <Filter>소스 파일\CGameObject\Scene02\BOSS</Filter>
    </ClCompile>
    <ClCompile Include="CBossBulletLauncher.cpp">
      <Filter>소스 파일\CGameObject\Scene02\BOSS</Filter>
    </ClCompile>
    <ClCompile Include="CBossBullet.cpp">
      <Filter>소스 파일\CGameObject\Scene02\BOSS</Filter>
    </ClCompile>
    <ClCompile Include="CPlayer.cpp">
      <Filter>소스 파일\CGameObject\Scene02\PLAYER</Filter>
    </ClCompile>
    <ClCompile Include="CPlayerBullet.cpp">
      <Filter>소스 파일\CGameObject\Scene02\PLAYER</Filter>
    </ClCompile>
    <ClCompile Include="CPlayerBarrierLauncher.cpp">
      <Filter>소스 파일\CGameObject\Scene02\PLAYER</Filter>
    </ClCompile>
    <ClCompile Include="CPlayerLaserLauncher.cpp">
      <Filter>소스 파일\CGameObject\Scene02\PLAYER</Filter>
    </ClCompile>
    <ClCompile Include="CFadeInOut.cpp">
      <Filter>소스 파일</Filter>
    </ClCompile>
    <ClCompile Include="cSoundManager.cpp">
      <Filter>소스 파일\Manager</Filter>
    </ClCompile>
    <ClCompile Include="COptionController.cpp">
      <Filter>소스 파일\CGameObject\Scene01</Filter>
    </ClCompile>
    <ClCompile Include="CGameScene03.cpp">
      <Filter>소스 파일\CScene</Filter>
    </ClCompile>
    <ClCompile Include="cStageClearBackground.cpp">
      <Filter>소스 파일\CGameObject\Scene03</Filter>
    </ClCompile>
  </ItemGroup>
  <ItemGroup>
    <ResourceCompile Include="SaveTheEarth.rc">
      <Filter>리소스 파일</Filter>
    </ResourceCompile>
  </ItemGroup>
  <ItemGroup>
    <Image Include="small.ico">
      <Filter>리소스 파일</Filter>
    </Image>
    <Image Include="SaveTheEarth.ico">
      <Filter>리소스 파일</Filter>
    </Image>
  </ItemGroup>
</Project>